
Microsoft Visual Studio Solution File, Format Version 12.00
# Visual Studio Version 17
VisualStudioVersion = 17.0.31903.59
MinimumVisualStudioVersion = 10.0.40219.1
Project("{2150E333-8FDC-42A3-9474-1A3956D46DE8}") = "src", "src", "{20E87691-7F88-423C-85CF-18765BF04792}"
EndProject
Project("{FAE04EC0-301F-11D3-BF4B-00C04F79EFBC}") = "Vcs.Desktop", "src\Vcs.Desktop\Vcs.Desktop.csproj", "{249079F1-BD7C-4EC7-B695-03C60578737B}"
EndProject
Project("{FAE04EC0-301F-11D3-BF4B-00C04F79EFBC}") = "Vcs.Api", "Vcs.Api\Vcs.Api.csproj", "{A6FF9CB4-CBF8-4B01-A622-FD8A4D1060DF}"
EndProject
Project("{FAE04EC0-301F-11D3-BF4B-00C04F79EFBC}") = "Vcs.Infrastructure", "Vcs.Infrastructure\Vcs.Infrastructure.csproj", "{15E5AF4C-D04E-4A0D-AAB3-093AD8845048}"
EndProject
Project("{FAE04EC0-301F-11D3-BF4B-00C04F79EFBC}") = "Vcs.Domain", "Vcs.Domain\Vcs.Domain.csproj", "{3A74906A-6C87-4786-B9EE-5E4896C599D5}"
EndProject
Global
	GlobalSection(SolutionConfigurationPlatforms) = preSolution
		Debug|Any CPU = Debug|Any CPU
		Debug|x64 = Debug|x64
		Debug|x86 = Debug|x86
		Release|Any CPU = Release|Any CPU
		Release|x64 = Release|x64
		Release|x86 = Release|x86
	EndGlobalSection
	GlobalSection(ProjectConfigurationPlatforms) = postSolution
		{249079F1-BD7C-4EC7-B695-03C60578737B}.Debug|Any CPU.ActiveCfg = Debug|Any CPU
		{249079F1-BD7C-4EC7-B695-03C60578737B}.Debug|Any CPU.Build.0 = Debug|Any CPU
		{249079F1-BD7C-4EC7-B695-03C60578737B}.Debug|x64.ActiveCfg = Debug|Any CPU
		{249079F1-BD7C-4EC7-B695-03C60578737B}.Debug|x64.Build.0 = Debug|Any CPU
		{249079F1-BD7C-4EC7-B695-03C60578737B}.Debug|x86.ActiveCfg = Debug|Any CPU
		{249079F1-BD7C-4EC7-B695-03C60578737B}.Debug|x86.Build.0 = Debug|Any CPU
		{249079F1-BD7C-4EC7-B695-03C60578737B}.Release|Any CPU.ActiveCfg = Release|Any CPU
		{249079F1-BD7C-4EC7-B695-03C60578737B}.Release|Any CPU.Build.0 = Release|Any CPU
		{249079F1-BD7C-4EC7-B695-03C60578737B}.Release|x64.ActiveCfg = Release|Any CPU
		{249079F1-BD7C-4EC7-B695-03C60578737B}.Release|x64.Build.0 = Release|Any CPU
		{249079F1-BD7C-4EC7-B695-03C60578737B}.Release|x86.ActiveCfg = Release|Any CPU
		{249079F1-BD7C-4EC7-B695-03C60578737B}.Release|x86.Build.0 = Release|Any CPU
		{A6FF9CB4-CBF8-4B01-A622-FD8A4D1060DF}.Debug|Any CPU.ActiveCfg = Debug|Any CPU
		{A6FF9CB4-CBF8-4B01-A622-FD8A4D1060DF}.Debug|Any CPU.Build.0 = Debug|Any CPU
		{A6FF9CB4-CBF8-4B01-A622-FD8A4D1060DF}.Debug|x64.ActiveCfg = Debug|Any CPU
		{A6FF9CB4-CBF8-4B01-A622-FD8A4D1060DF}.Debug|x64.Build.0 = Debug|Any CPU
		{A6FF9CB4-CBF8-4B01-A622-FD8A4D1060DF}.Debug|x86.ActiveCfg = Debug|Any CPU
		{A6FF9CB4-CBF8-4B01-A622-FD8A4D1060DF}.Debug|x86.Build.0 = Debug|Any CPU
		{A6FF9CB4-CBF8-4B01-A622-FD8A4D1060DF}.Release|Any CPU.ActiveCfg = Release|Any CPU
		{A6FF9CB4-CBF8-4B01-A622-FD8A4D1060DF}.Release|Any CPU.Build.0 = Release|Any CPU
		{A6FF9CB4-CBF8-4B01-A622-FD8A4D1060DF}.Release|x64.ActiveCfg = Release|Any CPU
		{A6FF9CB4-CBF8-4B01-A622-FD8A4D1060DF}.Release|x64.Build.0 = Release|Any CPU
		{A6FF9CB4-CBF8-4B01-A622-FD8A4D1060DF}.Release|x86.ActiveCfg = Release|Any CPU
		{A6FF9CB4-CBF8-4B01-A622-FD8A4D1060DF}.Release|x86.Build.0 = Release|Any CPU
		{15E5AF4C-D04E-4A0D-AAB3-093AD8845048}.Debug|Any CPU.ActiveCfg = Debug|Any CPU
		{15E5AF4C-D04E-4A0D-AAB3-093AD8845048}.Debug|Any CPU.Build.0 = Debug|Any CPU
		{15E5AF4C-D04E-4A0D-AAB3-093AD8845048}.Debug|x64.ActiveCfg = Debug|Any CPU
		{15E5AF4C-D04E-4A0D-AAB3-093AD8845048}.Debug|x64.Build.0 = Debug|Any CPU
		{15E5AF4C-D04E-4A0D-AAB3-093AD8845048}.Debug|x86.ActiveCfg = Debug|Any CPU
		{15E5AF4C-D04E-4A0D-AAB3-093AD8845048}.Debug|x86.Build.0 = Debug|Any CPU
		{15E5AF4C-D04E-4A0D-AAB3-093AD8845048}.Release|Any CPU.ActiveCfg = Release|Any CPU
		{15E5AF4C-D04E-4A0D-AAB3-093AD8845048}.Release|Any CPU.Build.0 = Release|Any CPU
		{15E5AF4C-D04E-4A0D-AAB3-093AD8845048}.Release|x64.ActiveCfg = Release|Any CPU
		{15E5AF4C-D04E-4A0D-AAB3-093AD8845048}.Release|x64.Build.0 = Release|Any CPU
		{15E5AF4C-D04E-4A0D-AAB3-093AD8845048}.Release|x86.ActiveCfg = Release|Any CPU
		{15E5AF4C-D04E-4A0D-AAB3-093AD8845048}.Release|x86.Build.0 = Release|Any CPU
		{3A74906A-6C87-4786-B9EE-5E4896C599D5}.Debug|Any CPU.ActiveCfg = Debug|Any CPU
		{3A74906A-6C87-4786-B9EE-5E4896C599D5}.Debug|Any CPU.Build.0 = Debug|Any CPU
		{3A74906A-6C87-4786-B9EE-5E4896C599D5}.Debug|x64.ActiveCfg = Debug|Any CPU
		{3A74906A-6C87-4786-B9EE-5E4896C599D5}.Debug|x64.Build.0 = Debug|Any CPU
		{3A74906A-6C87-4786-B9EE-5E4896C599D5}.Debug|x86.ActiveCfg = Debug|Any CPU
		{3A74906A-6C87-4786-B9EE-5E4896C599D5}.Debug|x86.Build.0 = Debug|Any CPU
		{3A74906A-6C87-4786-B9EE-5E4896C599D5}.Release|Any CPU.ActiveCfg = Release|Any CPU
		{3A74906A-6C87-4786-B9EE-5E4896C599D5}.Release|Any CPU.Build.0 = Release|Any CPU
		{3A74906A-6C87-4786-B9EE-5E4896C599D5}.Release|x64.ActiveCfg = Release|Any CPU
		{3A74906A-6C87-4786-B9EE-5E4896C599D5}.Release|x64.Build.0 = Release|Any CPU
		{3A74906A-6C87-4786-B9EE-5E4896C599D5}.Release|x86.ActiveCfg = Release|Any CPU
		{3A74906A-6C87-4786-B9EE-5E4896C599D5}.Release|x86.Build.0 = Release|Any CPU
	EndGlobalSection
	GlobalSection(SolutionProperties) = preSolution
		HideSolutionNode = FALSE
	EndGlobalSection
	GlobalSection(NestedProjects) = preSolution
		{249079F1-BD7C-4EC7-B695-03C60578737B} = {20E87691-7F88-423C-85CF-18765BF04792}
	EndGlobalSection
EndGlobal
